Microsoft Visual Studio Solution File, Format Version 12.00
# Visual Studio Version 17
VisualStudioVersion = 17.0.31808.319
MinimumVisualStudioVersion = 10.0.40219.1
Project("{9A19103F-16F7-4668-BE54-9A1E7A4F7556}") = "WinformsControlsTest", "src\System.Windows.Forms\tests\IntegrationTests\WinformsControlsTest\WinformsControlsTest.csproj", "{657472B8-FDA3-49DF-B8BE-0246046A4348}"
EndProject
Project("{9A19103F-16F7-4668-BE54-9A1E7A4F7556}") = "System.Windows.Forms", "src\System.Windows.Forms\src\System.Windows.Forms.csproj", "{0D23A41B-2626-4703-9E4A-87C07F69B0B2}"
EndProject
Project("{9A19103F-16F7-4668-BE54-9A1E7A4F7556}") = "System.Windows.Forms.Tests", "src\System.Windows.Forms\tests\UnitTests\System.Windows.Forms.Tests.csproj", "{AB38E262-F206-4820-8F29-23C5F72A4A16}"
EndProject
Project("{9A19103F-16F7-4668-BE54-9A1E7A4F7556}") = "System.Windows.Forms.Design", "src\System.Windows.Forms.Design\src\System.Windows.Forms.Design.csproj", "{61D06BBD-B0CF-4CE1-9139-1CC4B82F0F9B}"
EndProject
Project("{9A19103F-16F7-4668-BE54-9A1E7A4F7556}") = "System.Drawing.Design.Facade", "src\System.Drawing.Design\src\System.Drawing.Design.Facade.csproj", "{A2B1148A-1747-47BD-8048-416C2C2AF14C}"
EndProject
Project("{9A19103F-16F7-4668-BE54-9A1E7A4F7556}") = "System.Design.Facade", "src\System.Design\src\System.Design.Facade.csproj", "{9BEC2806-D8E0-443B-8B58-9D344E0C2D24}"
EndProject
Project("{2150E333-8FDC-42A3-9474-1A3956D46DE8}") = "src", "src", "{77FEDB47-F7F6-490D-AF7C-ABB4A9E0B9D7}"
EndProject
Project("{2150E333-8FDC-42A3-9474-1A3956D46DE8}") = "tests", "tests", "{DF68A171-D27B-4E6A-8A7E-63A651622355}"
EndProject
Project("{2150E333-8FDC-42A3-9474-1A3956D46DE8}") = "facade", "facade", "{434C00C3-E498-4BA7-9764-9F0FC8CFE457}"
EndProject
Project("{2150E333-8FDC-42A3-9474-1A3956D46DE8}") = "unit", "unit", "{583F1292-AE8D-4511-B8D8-A81FE4642DDC}"
EndProject
Project("{2150E333-8FDC-42A3-9474-1A3956D46DE8}") = "integration", "integration", "{680FB14C-7B0C-4D63-9F1A-18ACCDB0F52A}"
EndProject
Project("{9A19103F-16F7-4668-BE54-9A1E7A4F7556}") = "System.Drawing.Facade", "src\System.Drawing\src\System.Drawing.Facade.csproj", "{F1B0790A-1A40-4487-A607-36D21D827E44}"
EndProject
Project("{9A19103F-16F7-4668-BE54-9A1E7A4F7556}") = "Accessibility", "src\Accessibility\src\Accessibility.ilproj", "{351D8601-6E21-45E8-B3B9-847C4540BD4E}"
EndProject
Project("{9A19103F-16F7-4668-BE54-9A1E7A4F7556}") = "Accessibility-version", "src\Accessibility\ver\Accessibility-version.csproj", "{6103E743-057D-41C6-946C-23A751A08748}"
EndProject
Project("{2150E333-8FDC-42A3-9474-1A3956D46DE8}") = "Accessibility", "Accessibility", "{088DD24C-DF6B-45F3-A8BC-592580A4B2A9}"
	ProjectSection(SolutionItems) = preProject
		src\Accessibility\readme.md = src\Accessibility\readme.md
	EndProjectSection
EndProject
Project("{9A19103F-16F7-4668-BE54-9A1E7A4F7556}") = "System.Windows.Forms.IntegrationTests.Common", "src\System.Windows.Forms\tests\IntegrationTests\System.Windows.Forms.IntegrationTests.Common\System.Windows.Forms.IntegrationTests.Common.csproj", "{48979B4E-EAEC-4B41-BB49-44CA230BECAB}"
EndProject
Project("{2150E333-8FDC-42A3-9474-1A3956D46DE8}") = "build", "build", "{462AD69A-9395-4E98-882D-569CDE562559}"
	ProjectSection(SolutionItems) = preProject
		azure-pipelines.yml = azure-pipelines.yml
		eng\pipelines\build.yml = eng\pipelines\build.yml
	EndProjectSection
EndProject
Project("{2150E333-8FDC-42A3-9474-1A3956D46DE8}") = "documentation", "documentation", "{C029199F-7D5C-417C-AA52-913A214E3285}"
	ProjectSection(SolutionItems) = preProject
		docs\building.md = docs\building.md
		CODE_OF_CONDUCT.md = CODE_OF_CONDUCT.md
		docs\coding-style.md = docs\coding-style.md
		CONTRIBUTING.md = CONTRIBUTING.md
		docs\debugging.md = docs\debugging.md
		docs\developer-guide.md = docs\developer-guide.md
		docs\getting-started.md = docs\getting-started.md
		docs\issue-guide.md = docs\issue-guide.md
		docs\porting-guidelines.md = docs\porting-guidelines.md
		README.md = README.md
		docs\roadmap.md = docs\roadmap.md
		docs\testing.md = docs\testing.md
		THIRD-PARTY-NOTICES.TXT = THIRD-PARTY-NOTICES.TXT
	EndProjectSection
EndProject
Project("{9A19103F-16F7-4668-BE54-9A1E7A4F7556}") = "System.Windows.Forms.Primitives", "src\System.Windows.Forms.Primitives\src\System.Windows.Forms.Primitives.csproj", "{90B27178-F535-43F7-886E-0AB75203F246}"
EndProject
Project("{9A19103F-16F7-4668-BE54-9A1E7A4F7556}") = "System.Windows.Forms.Primitives.Tests", "src\System.Windows.Forms.Primitives\tests\UnitTests\System.Windows.Forms.Primitives.Tests.csproj", "{9BFDE7F2-C8F3-40D6-9A16-8DCD1A37E900}"
EndProject
Project("{9A19103F-16F7-4668-BE54-9A1E7A4F7556}") = "System.Windows.Forms.Design.Editors.Facade3x", "src\System.Windows.Forms.Design.Editors\src\System.Windows.Forms.Design.Editors.Facade3x.csproj", "{E0681991-228A-420E-85D5-A9E796F0AAE0}"
EndProject
Project("{9A19103F-16F7-4668-BE54-9A1E7A4F7556}") = "System.Windows.Forms.Primitives.TestUtilities", "src\System.Windows.Forms.Primitives\tests\TestUtilities\System.Windows.Forms.Primitives.TestUtilities.csproj", "{73B0857A-966B-4E7D-8A83-FECFE0281AB9}"
EndProject
Project("{9A19103F-16F7-4668-BE54-9A1E7A4F7556}") = "System.Windows.Forms.TestUtilities", "src\System.Windows.Forms\tests\TestUtilities\System.Windows.Forms.TestUtilities.csproj", "{86418F0B-39DC-4B5A-8145-6D607E6150AC}"
EndProject
Project("{9A19103F-16F7-4668-BE54-9A1E7A4F7556}") = "System.Windows.Forms.Primitives.TestUtilities.Tests", "src\System.Windows.Forms.Primitives\tests\TestUtilities.Tests\System.Windows.Forms.Primitives.TestUtilities.Tests.csproj", "{6EE57002-9965-46E7-A48B-B449969738BB}"
EndProject
Project("{9A19103F-16F7-4668-BE54-9A1E7A4F7556}") = "System.Windows.Forms.Common.TestUtilities", "src\Common\tests\TestUtilities\System.Windows.Forms.Common.TestUtilities.csproj", "{05FD23CE-60AE-44A8-8DD6-1688F04BE385}"
EndProject
Project("{9A19103F-16F7-4668-BE54-9A1E7A4F7556}") = "System.Windows.Forms.PrivateSourceGenerators", "src\System.Windows.Forms.PrivateSourceGenerators\src\System.Windows.Forms.PrivateSourceGenerators.csproj", "{3BB220A9-7BC9-4D45-9DC7-B5A1D659B478}"
EndProject
Project("{9A19103F-16F7-4668-BE54-9A1E7A4F7556}") = "System.Drawing.Common", "src\System.Drawing.Common\src\System.Drawing.Common.csproj", "{90CC3A84-1087-48A0-8FDC-3A0F6D4D3B4D}"
EndProject
Project("{9A19103F-16F7-4668-BE54-9A1E7A4F7556}") = "System.Drawing.Common.Tests", "src\System.Drawing.Common\tests\System.Drawing.Common.Tests.csproj", "{7650F24E-7132-42CF-ADCE-830C8DB26EE5}"
EndProject
Project("{9A19103F-16F7-4668-BE54-9A1E7A4F7556}") = "ScratchProject", "src\System.Windows.Forms\tests\IntegrationTests\ScratchProject\ScratchProject.csproj", "{194D9B0B-421B-4485-B67E-B5A448388D39}"
EndProject
Project("{9A19103F-16F7-4668-BE54-9A1E7A4F7556}") = "System.Private.Windows.Core", "src\System.Private.Windows.Core\src\System.Private.Windows.Core.csproj", "{61376D2A-4AD5-48F4-BF99-2BB630E21945}"
EndProject
Project("{2150E333-8FDC-42A3-9474-1A3956D46DE8}") = "eng", "eng", "{8B4B1E09-B3C7-4044-B223-94EDEC1CAA20}"
	ProjectSection(SolutionItems) = preProject
		.editorconfig = .editorconfig
		.gitattributes = .gitattributes
		.gitignore = .gitignore
		eng\CodeAnalysis.src.globalconfig = eng\CodeAnalysis.src.globalconfig
		eng\CodeAnalysis.test.globalconfig = eng\CodeAnalysis.test.globalconfig
		Directory.Build.props = Directory.Build.props
		Directory.Build.targets = Directory.Build.targets
		global.json = global.json
		NuGet.Config = NuGet.Config
		eng\packageContent.targets = eng\packageContent.targets
		eng\Publishing.props = eng\Publishing.props
		start-vs.cmd = start-vs.cmd
		eng\Versions.props = eng\Versions.props
	EndProjectSection
EndProject
Project("{9A19103F-16F7-4668-BE54-9A1E7A4F7556}") = "ComDisabled.Tests", "src\System.Windows.Forms\tests\ComDisabledTests\ComDisabled.Tests.csproj", "{55F3174F-C1FE-4C8F-AF71-2512630088F8}"
EndProject
Project("{9A19103F-16F7-4668-BE54-9A1E7A4F7556}") = "BinaryFormatTests", "src\System.Private.Windows.Core\tests\BinaryFormatTests\BinaryFormatTests.csproj", "{57EC5288-9513-46CF-8FB7-626199690D90}"
EndProject
Project("{9A19103F-16F7-4668-BE54-9A1E7A4F7556}") = "System.Private.Windows.Core.Tests", "src\System.Private.Windows.Core\tests\System.Private.Windows.Core.Tests\System.Private.Windows.Core.Tests.csproj", "{B653C860-9B52-4597-9921-24DA79A4E6B1}"
EndProject
Global
	GlobalSection(SolutionConfigurationPlatforms) = preSolution
		Debug|Any CPU = Debug|Any CPU
		Debug|arm64 = Debug|arm64
		Debug|x64 = Debug|x64
		Debug|x86 = Debug|x86
		Release|Any CPU = Release|Any CPU
		Release|arm64 = Release|arm64
		Release|x64 = Release|x64
		Release|x86 = Release|x86
	EndGlobalSection
	GlobalSection(ProjectConfigurationPlatforms) = postSolution
		{657472B8-FDA3-49DF-B8BE-0246046A4348}.Debug|Any CPU.ActiveCfg = Debug|Any CPU
		{657472B8-FDA3-49DF-B8BE-0246046A4348}.Debug|Any CPU.Build.0 = Debug|Any CPU
		{657472B8-FDA3-49DF-B8BE-0246046A4348}.Debug|arm64.ActiveCfg = Debug|Any CPU
		{657472B8-FDA3-49DF-B8BE-0246046A4348}.Debug|arm64.Build.0 = Debug|Any CPU
		{657472B8-FDA3-49DF-B8BE-0246046A4348}.Debug|x64.ActiveCfg = Debug|Any CPU
		{657472B8-FDA3-49DF-B8BE-0246046A4348}.Debug|x64.Build.0 = Debug|Any CPU
		{657472B8-FDA3-49DF-B8BE-0246046A4348}.Debug|x86.ActiveCfg = Debug|Any CPU
		{657472B8-FDA3-49DF-B8BE-0246046A4348}.Debug|x86.Build.0 = Debug|Any CPU
		{657472B8-FDA3-49DF-B8BE-0246046A4348}.Release|Any CPU.ActiveCfg = Release|Any CPU
		{657472B8-FDA3-49DF-B8BE-0246046A4348}.Release|Any CPU.Build.0 = Release|Any CPU
		{657472B8-FDA3-49DF-B8BE-0246046A4348}.Release|arm64.ActiveCfg = Release|Any CPU
		{657472B8-FDA3-49DF-B8BE-0246046A4348}.Release|arm64.Build.0 = Release|Any CPU
		{657472B8-FDA3-49DF-B8BE-0246046A4348}.Release|x64.ActiveCfg = Release|Any CPU
		{657472B8-FDA3-49DF-B8BE-0246046A4348}.Release|x64.Build.0 = Release|Any CPU
		{657472B8-FDA3-49DF-B8BE-0246046A4348}.Release|x86.ActiveCfg = Release|Any CPU
		{657472B8-FDA3-49DF-B8BE-0246046A4348}.Release|x86.Build.0 = Release|Any CPU
		{0D23A41B-2626-4703-9E4A-87C07F69B0B2}.Debug|Any CPU.ActiveCfg = Debug|Any CPU
		{0D23A41B-2626-4703-9E4A-87C07F69B0B2}.Debug|Any CPU.Build.0 = Debug|Any CPU
		{0D23A41B-2626-4703-9E4A-87C07F69B0B2}.Debug|arm64.ActiveCfg = Debug|Any CPU
		{0D23A41B-2626-4703-9E4A-87C07F69B0B2}.Debug|arm64.Build.0 = Debug|Any CPU
		{0D23A41B-2626-4703-9E4A-87C07F69B0B2}.Debug|x64.ActiveCfg = Debug|Any CPU
		{0D23A41B-2626-4703-9E4A-87C07F69B0B2}.Debug|x64.Build.0 = Debug|Any CPU
		{0D23A41B-2626-4703-9E4A-87C07F69B0B2}.Debug|x86.ActiveCfg = Debug|Any CPU
		{0D23A41B-2626-4703-9E4A-87C07F69B0B2}.Debug|x86.Build.0 = Debug|Any CPU
		{0D23A41B-2626-4703-9E4A-87C07F69B0B2}.Release|Any CPU.ActiveCfg = Release|Any CPU
		{0D23A41B-2626-4703-9E4A-87C07F69B0B2}.Release|Any CPU.Build.0 = Release|Any CPU
		{0D23A41B-2626-4703-9E4A-87C07F69B0B2}.Release|arm64.ActiveCfg = Release|Any CPU
		{0D23A41B-2626-4703-9E4A-87C07F69B0B2}.Release|arm64.Build.0 = Release|Any CPU
		{0D23A41B-2626-4703-9E4A-87C07F69B0B2}.Release|x64.ActiveCfg = Release|Any CPU
		{0D23A41B-2626-4703-9E4A-87C07F69B0B2}.Release|x64.Build.0 = Release|Any CPU
		{0D23A41B-2626-4703-9E4A-87C07F69B0B2}.Release|x86.ActiveCfg = Release|Any CPU
		{0D23A41B-2626-4703-9E4A-87C07F69B0B2}.Release|x86.Build.0 = Release|Any CPU
		{AB38E262-F206-4820-8F29-23C5F72A4A16}.Debug|Any CPU.ActiveCfg = Debug|Any CPU
		{AB38E262-F206-4820-8F29-23C5F72A4A16}.Debug|Any CPU.Build.0 = Debug|Any CPU
		{AB38E262-F206-4820-8F29-23C5F72A4A16}.Debug|arm64.ActiveCfg = Debug|Any CPU
		{AB38E262-F206-4820-8F29-23C5F72A4A16}.Debug|arm64.Build.0 = Debug|Any CPU
		{AB38E262-F206-4820-8F29-23C5F72A4A16}.Debug|x64.ActiveCfg = Debug|Any CPU
		{AB38E262-F206-4820-8F29-23C5F72A4A16}.Debug|x64.Build.0 = Debug|Any CPU
		{AB38E262-F206-4820-8F29-23C5F72A4A16}.Debug|x86.ActiveCfg = Debug|Any CPU
		{AB38E262-F206-4820-8F29-23C5F72A4A16}.Debug|x86.Build.0 = Debug|Any CPU
		{AB38E262-F206-4820-8F29-23C5F72A4A16}.Release|Any CPU.ActiveCfg = Release|Any CPU
		{AB38E262-F206-4820-8F29-23C5F72A4A16}.Release|Any CPU.Build.0 = Release|Any CPU
		{AB38E262-F206-4820-8F29-23C5F72A4A16}.Release|arm64.ActiveCfg = Release|Any CPU
		{AB38E262-F206-4820-8F29-23C5F72A4A16}.Release|arm64.Build.0 = Release|Any CPU
		{AB38E262-F206-4820-8F29-23C5F72A4A16}.Release|x64.ActiveCfg = Release|Any CPU
		{AB38E262-F206-4820-8F29-23C5F72A4A16}.Release|x64.Build.0 = Release|Any CPU
		{AB38E262-F206-4820-8F29-23C5F72A4A16}.Release|x86.ActiveCfg = Release|Any CPU
		{AB38E262-F206-4820-8F29-23C5F72A4A16}.Release|x86.Build.0 = Release|Any CPU
		{61D06BBD-B0CF-4CE1-9139-1CC4B82F0F9B}.Debug|Any CPU.ActiveCfg = Debug|Any CPU
		{61D06BBD-B0CF-4CE1-9139-1CC4B82F0F9B}.Debug|Any CPU.Build.0 = Debug|Any CPU
		{61D06BBD-B0CF-4CE1-9139-1CC4B82F0F9B}.Debug|arm64.ActiveCfg = Debug|Any CPU
		{61D06BBD-B0CF-4CE1-9139-1CC4B82F0F9B}.Debug|arm64.Build.0 = Debug|Any CPU
		{61D06BBD-B0CF-4CE1-9139-1CC4B82F0F9B}.Debug|x64.ActiveCfg = Debug|Any CPU
		{61D06BBD-B0CF-4CE1-9139-1CC4B82F0F9B}.Debug|x64.Build.0 = Debug|Any CPU
		{61D06BBD-B0CF-4CE1-9139-1CC4B82F0F9B}.Debug|x86.ActiveCfg = Debug|Any CPU
		{61D06BBD-B0CF-4CE1-9139-1CC4B82F0F9B}.Debug|x86.Build.0 = Debug|Any CPU
		{61D06BBD-B0CF-4CE1-9139-1CC4B82F0F9B}.Release|Any CPU.ActiveCfg = Release|Any CPU
		{61D06BBD-B0CF-4CE1-9139-1CC4B82F0F9B}.Release|Any CPU.Build.0 = Release|Any CPU
		{61D06BBD-B0CF-4CE1-9139-1CC4B82F0F9B}.Release|arm64.ActiveCfg = Release|Any CPU
		{61D06BBD-B0CF-4CE1-9139-1CC4B82F0F9B}.Release|arm64.Build.0 = Release|Any CPU
		{61D06BBD-B0CF-4CE1-9139-1CC4B82F0F9B}.Release|x64.ActiveCfg = Release|Any CPU
		{61D06BBD-B0CF-4CE1-9139-1CC4B82F0F9B}.Release|x64.Build.0 = Release|Any CPU
		{61D06BBD-B0CF-4CE1-9139-1CC4B82F0F9B}.Release|x86.ActiveCfg = Release|Any CPU
		{61D06BBD-B0CF-4CE1-9139-1CC4B82F0F9B}.Release|x86.Build.0 = Release|Any CPU
		{A2B1148A-1747-47BD-8048-416C2C2AF14C}.Debug|Any CPU.ActiveCfg = Debug|Any CPU
		{A2B1148A-1747-47BD-8048-416C2C2AF14C}.Debug|Any CPU.Build.0 = Debug|Any CPU
		{A2B1148A-1747-47BD-8048-416C2C2AF14C}.Debug|arm64.ActiveCfg = Debug|Any CPU
		{A2B1148A-1747-47BD-8048-416C2C2AF14C}.Debug|arm64.Build.0 = Debug|Any CPU
		{A2B1148A-1747-47BD-8048-416C2C2AF14C}.Debug|x64.ActiveCfg = Debug|Any CPU
		{A2B1148A-1747-47BD-8048-416C2C2AF14C}.Debug|x64.Build.0 = Debug|Any CPU
		{A2B1148A-1747-47BD-8048-416C2C2AF14C}.Debug|x86.ActiveCfg = Debug|Any CPU
		{A2B1148A-1747-47BD-8048-416C2C2AF14C}.Debug|x86.Build.0 = Debug|Any CPU
		{A2B1148A-1747-47BD-8048-416C2C2AF14C}.Release|Any CPU.ActiveCfg = Release|Any CPU
		{A2B1148A-1747-47BD-8048-416C2C2AF14C}.Release|Any CPU.Build.0 = Release|Any CPU
		{A2B1148A-1747-47BD-8048-416C2C2AF14C}.Release|arm64.ActiveCfg = Release|Any CPU
		{A2B1148A-1747-47BD-8048-416C2C2AF14C}.Release|arm64.Build.0 = Release|Any CPU
		{A2B1148A-1747-47BD-8048-416C2C2AF14C}.Release|x64.ActiveCfg = Release|Any CPU
		{A2B1148A-1747-47BD-8048-416C2C2AF14C}.Release|x64.Build.0 = Release|Any CPU
		{A2B1148A-1747-47BD-8048-416C2C2AF14C}.Release|x86.ActiveCfg = Release|Any CPU
		{A2B1148A-1747-47BD-8048-416C2C2AF14C}.Release|x86.Build.0 = Release|Any CPU
		{9BEC2806-D8E0-443B-8B58-9D344E0C2D24}.Debug|Any CPU.ActiveCfg = Debug|Any CPU
		{9BEC2806-D8E0-443B-8B58-9D344E0C2D24}.Debug|Any CPU.Build.0 = Debug|Any CPU
		{9BEC2806-D8E0-443B-8B58-9D344E0C2D24}.Debug|arm64.ActiveCfg = Debug|Any CPU
		{9BEC2806-D8E0-443B-8B58-9D344E0C2D24}.Debug|arm64.Build.0 = Debug|Any CPU
		{9BEC2806-D8E0-443B-8B58-9D344E0C2D24}.Debug|x64.ActiveCfg = Debug|Any CPU
		{9BEC2806-D8E0-443B-8B58-9D344E0C2D24}.Debug|x64.Build.0 = Debug|Any CPU
		{9BEC2806-D8E0-443B-8B58-9D344E0C2D24}.Debug|x86.ActiveCfg = Debug|Any CPU
		{9BEC2806-D8E0-443B-8B58-9D344E0C2D24}.Debug|x86.Build.0 = Debug|Any CPU
		{9BEC2806-D8E0-443B-8B58-9D344E0C2D24}.Release|Any CPU.ActiveCfg = Release|Any CPU
		{9BEC2806-D8E0-443B-8B58-9D344E0C2D24}.Release|Any CPU.Build.0 = Release|Any CPU
		{9BEC2806-D8E0-443B-8B58-9D344E0C2D24}.Release|arm64.ActiveCfg = Release|Any CPU
		{9BEC2806-D8E0-443B-8B58-9D344E0C2D24}.Release|arm64.Build.0 = Release|Any CPU
		{9BEC2806-D8E0-443B-8B58-9D344E0C2D24}.Release|x64.ActiveCfg = Release|Any CPU
		{9BEC2806-D8E0-443B-8B58-9D344E0C2D24}.Release|x64.Build.0 = Release|Any CPU
		{9BEC2806-D8E0-443B-8B58-9D344E0C2D24}.Release|x86.ActiveCfg = Release|Any CPU
		{9BEC2806-D8E0-443B-8B58-9D344E0C2D24}.Release|x86.Build.0 = Release|Any CPU
		{F1B0790A-1A40-4487-A607-36D21D827E44}.Debug|Any CPU.ActiveCfg = Debug|Any CPU
		{F1B0790A-1A40-4487-A607-36D21D827E44}.Debug|Any CPU.Build.0 = Debug|Any CPU
		{F1B0790A-1A40-4487-A607-36D21D827E44}.Debug|arm64.ActiveCfg = Debug|Any CPU
		{F1B0790A-1A40-4487-A607-36D21D827E44}.Debug|arm64.Build.0 = Debug|Any CPU
		{F1B0790A-1A40-4487-A607-36D21D827E44}.Debug|x64.ActiveCfg = Debug|Any CPU
		{F1B0790A-1A40-4487-A607-36D21D827E44}.Debug|x64.Build.0 = Debug|Any CPU
		{F1B0790A-1A40-4487-A607-36D21D827E44}.Debug|x86.ActiveCfg = Debug|Any CPU
		{F1B0790A-1A40-4487-A607-36D21D827E44}.Debug|x86.Build.0 = Debug|Any CPU
		{F1B0790A-1A40-4487-A607-36D21D827E44}.Release|Any CPU.ActiveCfg = Release|Any CPU
		{F1B0790A-1A40-4487-A607-36D21D827E44}.Release|Any CPU.Build.0 = Release|Any CPU
		{F1B0790A-1A40-4487-A607-36D21D827E44}.Release|arm64.ActiveCfg = Release|Any CPU
		{F1B0790A-1A40-4487-A607-36D21D827E44}.Release|arm64.Build.0 = Release|Any CPU
		{F1B0790A-1A40-4487-A607-36D21D827E44}.Release|x64.ActiveCfg = Release|Any CPU
		{F1B0790A-1A40-4487-A607-36D21D827E44}.Release|x64.Build.0 = Release|Any CPU
		{F1B0790A-1A40-4487-A607-36D21D827E44}.Release|x86.ActiveCfg = Release|Any CPU
		{F1B0790A-1A40-4487-A607-36D21D827E44}.Release|x86.Build.0 = Release|Any CPU
		{351D8601-6E21-45E8-B3B9-847C4540BD4E}.Debug|Any CPU.ActiveCfg = Debug|Any CPU
		{351D8601-6E21-45E8-B3B9-847C4540BD4E}.Debug|Any CPU.Build.0 = Debug|Any CPU
		{351D8601-6E21-45E8-B3B9-847C4540BD4E}.Debug|arm64.ActiveCfg = Debug|Any CPU
		{351D8601-6E21-45E8-B3B9-847C4540BD4E}.Debug|arm64.Build.0 = Debug|Any CPU
		{351D8601-6E21-45E8-B3B9-847C4540BD4E}.Debug|x64.ActiveCfg = Debug|Any CPU
		{351D8601-6E21-45E8-B3B9-847C4540BD4E}.Debug|x64.Build.0 = Debug|Any CPU
		{351D8601-6E21-45E8-B3B9-847C4540BD4E}.Debug|x86.ActiveCfg = Debug|Any CPU
		{351D8601-6E21-45E8-B3B9-847C4540BD4E}.Debug|x86.Build.0 = Debug|Any CPU
		{351D8601-6E21-45E8-B3B9-847C4540BD4E}.Release|Any CPU.ActiveCfg = Release|Any CPU
		{351D8601-6E21-45E8-B3B9-847C4540BD4E}.Release|Any CPU.Build.0 = Release|Any CPU
		{351D8601-6E21-45E8-B3B9-847C4540BD4E}.Release|arm64.ActiveCfg = Release|Any CPU
		{351D8601-6E21-45E8-B3B9-847C4540BD4E}.Release|arm64.Build.0 = Release|Any CPU
		{351D8601-6E21-45E8-B3B9-847C4540BD4E}.Release|x64.ActiveCfg = Release|Any CPU
		{351D8601-6E21-45E8-B3B9-847C4540BD4E}.Release|x64.Build.0 = Release|Any CPU
		{351D8601-6E21-45E8-B3B9-847C4540BD4E}.Release|x86.ActiveCfg = Release|Any CPU
		{351D8601-6E21-45E8-B3B9-847C4540BD4E}.Release|x86.Build.0 = Release|Any CPU
		{6103E743-057D-41C6-946C-23A751A08748}.Debug|Any CPU.ActiveCfg = Debug|Any CPU
		{6103E743-057D-41C6-946C-23A751A08748}.Debug|Any CPU.Build.0 = Debug|Any CPU
		{6103E743-057D-41C6-946C-23A751A08748}.Debug|arm64.ActiveCfg = Debug|Any CPU
		{6103E743-057D-41C6-946C-23A751A08748}.Debug|arm64.Build.0 = Debug|Any CPU
		{6103E743-057D-41C6-946C-23A751A08748}.Debug|x64.ActiveCfg = Debug|Any CPU
		{6103E743-057D-41C6-946C-23A751A08748}.Debug|x64.Build.0 = Debug|Any CPU
		{6103E743-057D-41C6-946C-23A751A08748}.Debug|x86.ActiveCfg = Debug|Any CPU
		{6103E743-057D-41C6-946C-23A751A08748}.Debug|x86.Build.0 = Debug|Any CPU
		{6103E743-057D-41C6-946C-23A751A08748}.Release|Any CPU.ActiveCfg = Release|Any CPU
		{6103E743-057D-41C6-946C-23A751A08748}.Release|Any CPU.Build.0 = Release|Any CPU
		{6103E743-057D-41C6-946C-23A751A08748}.Release|arm64.ActiveCfg = Release|Any CPU
		{6103E743-057D-41C6-946C-23A751A08748}.Release|arm64.Build.0 = Release|Any CPU
		{6103E743-057D-41C6-946C-23A751A08748}.Release|x64.ActiveCfg = Release|Any CPU
		{6103E743-057D-41C6-946C-23A751A08748}.Release|x64.Build.0 = Release|Any CPU
		{6103E743-057D-41C6-946C-23A751A08748}.Release|x86.ActiveCfg = Release|Any CPU
		{6103E743-057D-41C6-946C-23A751A08748}.Release|x86.Build.0 = Release|Any CPU
		{48979B4E-EAEC-4B41-BB49-44CA230BECAB}.Debug|Any CPU.ActiveCfg = Debug|Any CPU
		{48979B4E-EAEC-4B41-BB49-44CA230BECAB}.Debug|Any CPU.Build.0 = Debug|Any CPU
		{48979B4E-EAEC-4B41-BB49-44CA230BECAB}.Debug|arm64.ActiveCfg = Debug|Any CPU
		{48979B4E-EAEC-4B41-BB49-44CA230BECAB}.Debug|arm64.Build.0 = Debug|Any CPU
		{48979B4E-EAEC-4B41-BB49-44CA230BECAB}.Debug|x64.ActiveCfg = Debug|Any CPU
		{48979B4E-EAEC-4B41-BB49-44CA230BECAB}.Debug|x64.Build.0 = Debug|Any CPU
		{48979B4E-EAEC-4B41-BB49-44CA230BECAB}.Debug|x86.ActiveCfg = Debug|Any CPU
		{48979B4E-EAEC-4B41-BB49-44CA230BECAB}.Debug|x86.Build.0 = Debug|Any CPU
		{48979B4E-EAEC-4B41-BB49-44CA230BECAB}.Release|Any CPU.ActiveCfg = Release|Any CPU
		{48979B4E-EAEC-4B41-BB49-44CA230BECAB}.Release|Any CPU.Build.0 = Release|Any CPU
		{48979B4E-EAEC-4B41-BB49-44CA230BECAB}.Release|arm64.ActiveCfg = Release|Any CPU
		{48979B4E-EAEC-4B41-BB49-44CA230BECAB}.Release|arm64.Build.0 = Release|Any CPU
		{48979B4E-EAEC-4B41-BB49-44CA230BECAB}.Release|x64.ActiveCfg = Release|Any CPU
		{48979B4E-EAEC-4B41-BB49-44CA230BECAB}.Release|x64.Build.0 = Release|Any CPU
		{48979B4E-EAEC-4B41-BB49-44CA230BECAB}.Release|x86.ActiveCfg = Release|Any CPU
		{48979B4E-EAEC-4B41-BB49-44CA230BECAB}.Release|x86.Build.0 = Release|Any CPU
		{90B27178-F535-43F7-886E-0AB75203F246}.Debug|Any CPU.ActiveCfg = Debug|Any CPU
		{90B27178-F535-43F7-886E-0AB75203F246}.Debug|Any CPU.Build.0 = Debug|Any CPU
		{90B27178-F535-43F7-886E-0AB75203F246}.Debug|arm64.ActiveCfg = Debug|Any CPU
		{90B27178-F535-43F7-886E-0AB75203F246}.Debug|arm64.Build.0 = Debug|Any CPU
		{90B27178-F535-43F7-886E-0AB75203F246}.Debug|x64.ActiveCfg = Debug|Any CPU
		{90B27178-F535-43F7-886E-0AB75203F246}.Debug|x64.Build.0 = Debug|Any CPU
		{90B27178-F535-43F7-886E-0AB75203F246}.Debug|x86.ActiveCfg = Debug|Any CPU
		{90B27178-F535-43F7-886E-0AB75203F246}.Debug|x86.Build.0 = Debug|Any CPU
		{90B27178-F535-43F7-886E-0AB75203F246}.Release|Any CPU.ActiveCfg = Release|Any CPU
		{90B27178-F535-43F7-886E-0AB75203F246}.Release|Any CPU.Build.0 = Release|Any CPU
		{90B27178-F535-43F7-886E-0AB75203F246}.Release|arm64.ActiveCfg = Release|Any CPU
		{90B27178-F535-43F7-886E-0AB75203F246}.Release|arm64.Build.0 = Release|Any CPU
		{90B27178-F535-43F7-886E-0AB75203F246}.Release|x64.ActiveCfg = Release|Any CPU
		{90B27178-F535-43F7-886E-0AB75203F246}.Release|x64.Build.0 = Release|Any CPU
		{90B27178-F535-43F7-886E-0AB75203F246}.Release|x86.ActiveCfg = Release|Any CPU
		{90B27178-F535-43F7-886E-0AB75203F246}.Release|x86.Build.0 = Release|Any CPU
		{9BFDE7F2-C8F3-40D6-9A16-8DCD1A37E900}.Debug|Any CPU.ActiveCfg = Debug|Any CPU
		{9BFDE7F2-C8F3-40D6-9A16-8DCD1A37E900}.Debug|Any CPU.Build.0 = Debug|Any CPU
		{9BFDE7F2-C8F3-40D6-9A16-8DCD1A37E900}.Debug|arm64.ActiveCfg = Debug|Any CPU
		{9BFDE7F2-C8F3-40D6-9A16-8DCD1A37E900}.Debug|arm64.Build.0 = Debug|Any CPU
		{9BFDE7F2-C8F3-40D6-9A16-8DCD1A37E900}.Debug|x64.ActiveCfg = Debug|Any CPU
		{9BFDE7F2-C8F3-40D6-9A16-8DCD1A37E900}.Debug|x64.Build.0 = Debug|Any CPU
		{9BFDE7F2-C8F3-40D6-9A16-8DCD1A37E900}.Debug|x86.ActiveCfg = Debug|Any CPU
		{9BFDE7F2-C8F3-40D6-9A16-8DCD1A37E900}.Debug|x86.Build.0 = Debug|Any CPU
		{9BFDE7F2-C8F3-40D6-9A16-8DCD1A37E900}.Release|Any CPU.ActiveCfg = Release|Any CPU
		{9BFDE7F2-C8F3-40D6-9A16-8DCD1A37E900}.Release|Any CPU.Build.0 = Release|Any CPU
		{9BFDE7F2-C8F3-40D6-9A16-8DCD1A37E900}.Release|arm64.ActiveCfg = Release|Any CPU
		{9BFDE7F2-C8F3-40D6-9A16-8DCD1A37E900}.Release|arm64.Build.0 = Release|Any CPU
		{9BFDE7F2-C8F3-40D6-9A16-8DCD1A37E900}.Release|x64.ActiveCfg = Release|Any CPU
		{9BFDE7F2-C8F3-40D6-9A16-8DCD1A37E900}.Release|x64.Build.0 = Release|Any CPU
		{9BFDE7F2-C8F3-40D6-9A16-8DCD1A37E900}.Release|x86.ActiveCfg = Release|Any CPU
		{9BFDE7F2-C8F3-40D6-9A16-8DCD1A37E900}.Release|x86.Build.0 = Release|Any CPU
		{E0681991-228A-420E-85D5-A9E796F0AAE0}.Debug|Any CPU.ActiveCfg = Debug|Any CPU
		{E0681991-228A-420E-85D5-A9E796F0AAE0}.Debug|Any CPU.Build.0 = Debug|Any CPU
		{E0681991-228A-420E-85D5-A9E796F0AAE0}.Debug|arm64.ActiveCfg = Debug|Any CPU
		{E0681991-228A-420E-85D5-A9E796F0AAE0}.Debug|arm64.Build.0 = Debug|Any CPU
		{E0681991-228A-420E-85D5-A9E796F0AAE0}.Debug|x64.ActiveCfg = Debug|Any CPU
		{E0681991-228A-420E-85D5-A9E796F0AAE0}.Debug|x64.Build.0 = Debug|Any CPU
		{E0681991-228A-420E-85D5-A9E796F0AAE0}.Debug|x86.ActiveCfg = Debug|Any CPU
		{E0681991-228A-420E-85D5-A9E796F0AAE0}.Debug|x86.Build.0 = Debug|Any CPU
		{E0681991-228A-420E-85D5-A9E796F0AAE0}.Release|Any CPU.ActiveCfg = Release|Any CPU
		{E0681991-228A-420E-85D5-A9E796F0AAE0}.Release|Any CPU.Build.0 = Release|Any CPU
		{E0681991-228A-420E-85D5-A9E796F0AAE0}.Release|arm64.ActiveCfg = Release|Any CPU
		{E0681991-228A-420E-85D5-A9E796F0AAE0}.Release|arm64.Build.0 = Release|Any CPU
		{E0681991-228A-420E-85D5-A9E796F0AAE0}.Release|x64.ActiveCfg = Release|Any CPU
		{E0681991-228A-420E-85D5-A9E796F0AAE0}.Release|x64.Build.0 = Release|Any CPU
		{E0681991-228A-420E-85D5-A9E796F0AAE0}.Release|x86.ActiveCfg = Release|Any CPU
		{E0681991-228A-420E-85D5-A9E796F0AAE0}.Release|x86.Build.0 = Release|Any CPU
		{73B0857A-966B-4E7D-8A83-FECFE0281AB9}.Debug|Any CPU.ActiveCfg = Debug|Any CPU
		{73B0857A-966B-4E7D-8A83-FECFE0281AB9}.Debug|Any CPU.Build.0 = Debug|Any CPU
		{73B0857A-966B-4E7D-8A83-FECFE0281AB9}.Debug|arm64.ActiveCfg = Debug|Any CPU
		{73B0857A-966B-4E7D-8A83-FECFE0281AB9}.Debug|arm64.Build.0 = Debug|Any CPU
		{73B0857A-966B-4E7D-8A83-FECFE0281AB9}.Debug|x64.ActiveCfg = Debug|Any CPU
		{73B0857A-966B-4E7D-8A83-FECFE0281AB9}.Debug|x64.Build.0 = Debug|Any CPU
		{73B0857A-966B-4E7D-8A83-FECFE0281AB9}.Debug|x86.ActiveCfg = Debug|Any CPU
		{73B0857A-966B-4E7D-8A83-FECFE0281AB9}.Debug|x86.Build.0 = Debug|Any CPU
		{73B0857A-966B-4E7D-8A83-FECFE0281AB9}.Release|Any CPU.ActiveCfg = Release|Any CPU
		{73B0857A-966B-4E7D-8A83-FECFE0281AB9}.Release|Any CPU.Build.0 = Release|Any CPU
		{73B0857A-966B-4E7D-8A83-FECFE0281AB9}.Release|arm64.ActiveCfg = Release|Any CPU
		{73B0857A-966B-4E7D-8A83-FECFE0281AB9}.Release|arm64.Build.0 = Release|Any CPU
		{73B0857A-966B-4E7D-8A83-FECFE0281AB9}.Release|x64.ActiveCfg = Release|Any CPU
		{73B0857A-966B-4E7D-8A83-FECFE0281AB9}.Release|x64.Build.0 = Release|Any CPU
		{73B0857A-966B-4E7D-8A83-FECFE0281AB9}.Release|x86.ActiveCfg = Release|Any CPU
		{73B0857A-966B-4E7D-8A83-FECFE0281AB9}.Release|x86.Build.0 = Release|Any CPU
		{86418F0B-39DC-4B5A-8145-6D607E6150AC}.Debug|Any CPU.ActiveCfg = Debug|Any CPU
		{86418F0B-39DC-4B5A-8145-6D607E6150AC}.Debug|Any CPU.Build.0 = Debug|Any CPU
		{86418F0B-39DC-4B5A-8145-6D607E6150AC}.Debug|arm64.ActiveCfg = Debug|Any CPU
		{86418F0B-39DC-4B5A-8145-6D607E6150AC}.Debug|arm64.Build.0 = Debug|Any CPU
		{86418F0B-39DC-4B5A-8145-6D607E6150AC}.Debug|x64.ActiveCfg = Debug|Any CPU
		{86418F0B-39DC-4B5A-8145-6D607E6150AC}.Debug|x64.Build.0 = Debug|Any CPU
		{86418F0B-39DC-4B5A-8145-6D607E6150AC}.Debug|x86.ActiveCfg = Debug|Any CPU
		{86418F0B-39DC-4B5A-8145-6D607E6150AC}.Debug|x86.Build.0 = Debug|Any CPU
		{86418F0B-39DC-4B5A-8145-6D607E6150AC}.Release|Any CPU.ActiveCfg = Release|Any CPU
		{86418F0B-39DC-4B5A-8145-6D607E6150AC}.Release|Any CPU.Build.0 = Release|Any CPU
		{86418F0B-39DC-4B5A-8145-6D607E6150AC}.Release|arm64.ActiveCfg = Release|Any CPU
		{86418F0B-39DC-4B5A-8145-6D607E6150AC}.Release|arm64.Build.0 = Release|Any CPU
		{86418F0B-39DC-4B5A-8145-6D607E6150AC}.Release|x64.ActiveCfg = Release|Any CPU
		{86418F0B-39DC-4B5A-8145-6D607E6150AC}.Release|x64.Build.0 = Release|Any CPU
		{86418F0B-39DC-4B5A-8145-6D607E6150AC}.Release|x86.ActiveCfg = Release|Any CPU
		{86418F0B-39DC-4B5A-8145-6D607E6150AC}.Release|x86.Build.0 = Release|Any CPU
		{6EE57002-9965-46E7-A48B-B449969738BB}.Debug|Any CPU.ActiveCfg = Debug|Any CPU
		{6EE57002-9965-46E7-A48B-B449969738BB}.Debug|Any CPU.Build.0 = Debug|Any CPU
		{6EE57002-9965-46E7-A48B-B449969738BB}.Debug|arm64.ActiveCfg = Debug|Any CPU
		{6EE57002-9965-46E7-A48B-B449969738BB}.Debug|arm64.Build.0 = Debug|Any CPU
		{6EE57002-9965-46E7-A48B-B449969738BB}.Debug|x64.ActiveCfg = Debug|Any CPU
		{6EE57002-9965-46E7-A48B-B449969738BB}.Debug|x64.Build.0 = Debug|Any CPU
		{6EE57002-9965-46E7-A48B-B449969738BB}.Debug|x86.ActiveCfg = Debug|Any CPU
		{6EE57002-9965-46E7-A48B-B449969738BB}.Debug|x86.Build.0 = Debug|Any CPU
		{6EE57002-9965-46E7-A48B-B449969738BB}.Release|Any CPU.ActiveCfg = Release|Any CPU
		{6EE57002-9965-46E7-A48B-B449969738BB}.Release|Any CPU.Build.0 = Release|Any CPU
		{6EE57002-9965-46E7-A48B-B449969738BB}.Release|arm64.ActiveCfg = Release|Any CPU
		{6EE57002-9965-46E7-A48B-B449969738BB}.Release|arm64.Build.0 = Release|Any CPU
		{6EE57002-9965-46E7-A48B-B449969738BB}.Release|x64.ActiveCfg = Release|Any CPU
		{6EE57002-9965-46E7-A48B-B449969738BB}.Release|x64.Build.0 = Release|Any CPU
		{6EE57002-9965-46E7-A48B-B449969738BB}.Release|x86.ActiveCfg = Release|Any CPU
		{6EE57002-9965-46E7-A48B-B449969738BB}.Release|x86.Build.0 = Release|Any CPU
		{05FD23CE-60AE-44A8-8DD6-1688F04BE385}.Debug|Any CPU.ActiveCfg = Debug|Any CPU
		{05FD23CE-60AE-44A8-8DD6-1688F04BE385}.Debug|Any CPU.Build.0 = Debug|Any CPU
		{05FD23CE-60AE-44A8-8DD6-1688F04BE385}.Debug|arm64.ActiveCfg = Debug|Any CPU
		{05FD23CE-60AE-44A8-8DD6-1688F04BE385}.Debug|arm64.Build.0 = Debug|Any CPU
		{05FD23CE-60AE-44A8-8DD6-1688F04BE385}.Debug|x64.ActiveCfg = Debug|Any CPU
		{05FD23CE-60AE-44A8-8DD6-1688F04BE385}.Debug|x64.Build.0 = Debug|Any CPU
		{05FD23CE-60AE-44A8-8DD6-1688F04BE385}.Debug|x86.ActiveCfg = Debug|Any CPU
		{05FD23CE-60AE-44A8-8DD6-1688F04BE385}.Debug|x86.Build.0 = Debug|Any CPU
		{05FD23CE-60AE-44A8-8DD6-1688F04BE385}.Release|Any CPU.ActiveCfg = Release|Any CPU
		{05FD23CE-60AE-44A8-8DD6-1688F04BE385}.Release|Any CPU.Build.0 = Release|Any CPU
		{05FD23CE-60AE-44A8-8DD6-1688F04BE385}.Release|arm64.ActiveCfg = Release|Any CPU
		{05FD23CE-60AE-44A8-8DD6-1688F04BE385}.Release|arm64.Build.0 = Release|Any CPU
		{05FD23CE-60AE-44A8-8DD6-1688F04BE385}.Release|x64.ActiveCfg = Release|Any CPU
		{05FD23CE-60AE-44A8-8DD6-1688F04BE385}.Release|x64.Build.0 = Release|Any CPU
		{05FD23CE-60AE-44A8-8DD6-1688F04BE385}.Release|x86.ActiveCfg = Release|Any CPU
		{05FD23CE-60AE-44A8-8DD6-1688F04BE385}.Release|x86.Build.0 = Release|Any CPU
		{3BB220A9-7BC9-4D45-9DC7-B5A1D659B478}.Debug|Any CPU.ActiveCfg = Debug|Any CPU
		{3BB220A9-7BC9-4D45-9DC7-B5A1D659B478}.Debug|Any CPU.Build.0 = Debug|Any CPU
		{3BB220A9-7BC9-4D45-9DC7-B5A1D659B478}.Debug|arm64.ActiveCfg = Debug|Any CPU
		{3BB220A9-7BC9-4D45-9DC7-B5A1D659B478}.Debug|arm64.Build.0 = Debug|Any CPU
		{3BB220A9-7BC9-4D45-9DC7-B5A1D659B478}.Debug|x64.ActiveCfg = Debug|Any CPU
		{3BB220A9-7BC9-4D45-9DC7-B5A1D659B478}.Debug|x64.Build.0 = Debug|Any CPU
		{3BB220A9-7BC9-4D45-9DC7-B5A1D659B478}.Debug|x86.ActiveCfg = Debug|Any CPU
		{3BB220A9-7BC9-4D45-9DC7-B5A1D659B478}.Debug|x86.Build.0 = Debug|Any CPU
		{3BB220A9-7BC9-4D45-9DC7-B5A1D659B478}.Release|Any CPU.ActiveCfg = Release|Any CPU
		{3BB220A9-7BC9-4D45-9DC7-B5A1D659B478}.Release|Any CPU.Build.0 = Release|Any CPU
		{3BB220A9-7BC9-4D45-9DC7-B5A1D659B478}.Release|arm64.ActiveCfg = Release|Any CPU
		{3BB220A9-7BC9-4D45-9DC7-B5A1D659B478}.Release|arm64.Build.0 = Release|Any CPU
		{3BB220A9-7BC9-4D45-9DC7-B5A1D659B478}.Release|x64.ActiveCfg = Release|Any CPU
		{3BB220A9-7BC9-4D45-9DC7-B5A1D659B478}.Release|x64.Build.0 = Release|Any CPU
		{3BB220A9-7BC9-4D45-9DC7-B5A1D659B478}.Release|x86.ActiveCfg = Release|Any CPU
		{3BB220A9-7BC9-4D45-9DC7-B5A1D659B478}.Release|x86.Build.0 = Release|Any CPU
		{90CC3A84-1087-48A0-8FDC-3A0F6D4D3B4D}.Debug|Any CPU.ActiveCfg = Debug|Any CPU
		{90CC3A84-1087-48A0-8FDC-3A0F6D4D3B4D}.Debug|Any CPU.Build.0 = Debug|Any CPU
		{90CC3A84-1087-48A0-8FDC-3A0F6D4D3B4D}.Debug|arm64.ActiveCfg = Debug|Any CPU
		{90CC3A84-1087-48A0-8FDC-3A0F6D4D3B4D}.Debug|arm64.Build.0 = Debug|Any CPU
		{90CC3A84-1087-48A0-8FDC-3A0F6D4D3B4D}.Debug|x64.ActiveCfg = Debug|Any CPU
		{90CC3A84-1087-48A0-8FDC-3A0F6D4D3B4D}.Debug|x64.Build.0 = Debug|Any CPU
		{90CC3A84-1087-48A0-8FDC-3A0F6D4D3B4D}.Debug|x86.ActiveCfg = Debug|Any CPU
		{90CC3A84-1087-48A0-8FDC-3A0F6D4D3B4D}.Debug|x86.Build.0 = Debug|Any CPU
		{90CC3A84-1087-48A0-8FDC-3A0F6D4D3B4D}.Release|Any CPU.ActiveCfg = Release|Any CPU
		{90CC3A84-1087-48A0-8FDC-3A0F6D4D3B4D}.Release|Any CPU.Build.0 = Release|Any CPU
		{90CC3A84-1087-48A0-8FDC-3A0F6D4D3B4D}.Release|arm64.ActiveCfg = Release|Any CPU
		{90CC3A84-1087-48A0-8FDC-3A0F6D4D3B4D}.Release|arm64.Build.0 = Release|Any CPU
		{90CC3A84-1087-48A0-8FDC-3A0F6D4D3B4D}.Release|x64.ActiveCfg = Release|Any CPU
		{90CC3A84-1087-48A0-8FDC-3A0F6D4D3B4D}.Release|x64.Build.0 = Release|Any CPU
		{90CC3A84-1087-48A0-8FDC-3A0F6D4D3B4D}.Release|x86.ActiveCfg = Release|Any CPU
		{90CC3A84-1087-48A0-8FDC-3A0F6D4D3B4D}.Release|x86.Build.0 = Release|Any CPU
		{7650F24E-7132-42CF-ADCE-830C8DB26EE5}.Debug|Any CPU.ActiveCfg = Debug|Any CPU
		{7650F24E-7132-42CF-ADCE-830C8DB26EE5}.Debug|Any CPU.Build.0 = Debug|Any CPU
		{7650F24E-7132-42CF-ADCE-830C8DB26EE5}.Debug|arm64.ActiveCfg = Debug|Any CPU
		{7650F24E-7132-42CF-ADCE-830C8DB26EE5}.Debug|arm64.Build.0 = Debug|Any CPU
		{7650F24E-7132-42CF-ADCE-830C8DB26EE5}.Debug|x64.ActiveCfg = Debug|Any CPU
		{7650F24E-7132-42CF-ADCE-830C8DB26EE5}.Debug|x64.Build.0 = Debug|Any CPU
		{7650F24E-7132-42CF-ADCE-830C8DB26EE5}.Debug|x86.ActiveCfg = Debug|Any CPU
		{7650F24E-7132-42CF-ADCE-830C8DB26EE5}.Debug|x86.Build.0 = Debug|Any CPU
		{7650F24E-7132-42CF-ADCE-830C8DB26EE5}.Release|Any CPU.ActiveCfg = Release|Any CPU
		{7650F24E-7132-42CF-ADCE-830C8DB26EE5}.Release|Any CPU.Build.0 = Release|Any CPU
		{7650F24E-7132-42CF-ADCE-830C8DB26EE5}.Release|arm64.ActiveCfg = Release|Any CPU
		{7650F24E-7132-42CF-ADCE-830C8DB26EE5}.Release|arm64.Build.0 = Release|Any CPU
		{7650F24E-7132-42CF-ADCE-830C8DB26EE5}.Release|x64.ActiveCfg = Release|Any CPU
		{7650F24E-7132-42CF-ADCE-830C8DB26EE5}.Release|x64.Build.0 = Release|Any CPU
		{7650F24E-7132-42CF-ADCE-830C8DB26EE5}.Release|x86.ActiveCfg = Release|Any CPU
		{7650F24E-7132-42CF-ADCE-830C8DB26EE5}.Release|x86.Build.0 = Release|Any CPU
		{194D9B0B-421B-4485-B67E-B5A448388D39}.Debug|Any CPU.ActiveCfg = Debug|Any CPU
		{194D9B0B-421B-4485-B67E-B5A448388D39}.Debug|Any CPU.Build.0 = Debug|Any CPU
		{194D9B0B-421B-4485-B67E-B5A448388D39}.Debug|arm64.ActiveCfg = Debug|Any CPU
		{194D9B0B-421B-4485-B67E-B5A448388D39}.Debug|arm64.Build.0 = Debug|Any CPU
		{194D9B0B-421B-4485-B67E-B5A448388D39}.Debug|x64.ActiveCfg = Debug|Any CPU
		{194D9B0B-421B-4485-B67E-B5A448388D39}.Debug|x64.Build.0 = Debug|Any CPU
		{194D9B0B-421B-4485-B67E-B5A448388D39}.Debug|x86.ActiveCfg = Debug|Any CPU
		{194D9B0B-421B-4485-B67E-B5A448388D39}.Debug|x86.Build.0 = Debug|Any CPU
		{194D9B0B-421B-4485-B67E-B5A448388D39}.Release|Any CPU.ActiveCfg = Release|Any CPU
		{194D9B0B-421B-4485-B67E-B5A448388D39}.Release|Any CPU.Build.0 = Release|Any CPU
		{194D9B0B-421B-4485-B67E-B5A448388D39}.Release|arm64.ActiveCfg = Release|Any CPU
		{194D9B0B-421B-4485-B67E-B5A448388D39}.Release|arm64.Build.0 = Release|Any CPU
		{194D9B0B-421B-4485-B67E-B5A448388D39}.Release|x64.ActiveCfg = Release|Any CPU
		{194D9B0B-421B-4485-B67E-B5A448388D39}.Release|x64.Build.0 = Release|Any CPU
		{194D9B0B-421B-4485-B67E-B5A448388D39}.Release|x86.ActiveCfg = Release|Any CPU
		{194D9B0B-421B-4485-B67E-B5A448388D39}.Release|x86.Build.0 = Release|Any CPU
		{61376D2A-4AD5-48F4-BF99-2BB630E21945}.Debug|Any CPU.ActiveCfg = Debug|Any CPU
		{61376D2A-4AD5-48F4-BF99-2BB630E21945}.Debug|Any CPU.Build.0 = Debug|Any CPU
		{61376D2A-4AD5-48F4-BF99-2BB630E21945}.Debug|arm64.ActiveCfg = Debug|Any CPU
		{61376D2A-4AD5-48F4-BF99-2BB630E21945}.Debug|arm64.Build.0 = Debug|Any CPU
		{61376D2A-4AD5-48F4-BF99-2BB630E21945}.Debug|x64.ActiveCfg = Debug|Any CPU
		{61376D2A-4AD5-48F4-BF99-2BB630E21945}.Debug|x64.Build.0 = Debug|Any CPU
		{61376D2A-4AD5-48F4-BF99-2BB630E21945}.Debug|x86.ActiveCfg = Debug|Any CPU
		{61376D2A-4AD5-48F4-BF99-2BB630E21945}.Debug|x86.Build.0 = Debug|Any CPU
		{61376D2A-4AD5-48F4-BF99-2BB630E21945}.Release|Any CPU.ActiveCfg = Release|Any CPU
		{61376D2A-4AD5-48F4-BF99-2BB630E21945}.Release|Any CPU.Build.0 = Release|Any CPU
		{61376D2A-4AD5-48F4-BF99-2BB630E21945}.Release|arm64.ActiveCfg = Release|Any CPU
		{61376D2A-4AD5-48F4-BF99-2BB630E21945}.Release|arm64.Build.0 = Release|Any CPU
		{61376D2A-4AD5-48F4-BF99-2BB630E21945}.Release|x64.ActiveCfg = Release|Any CPU
		{61376D2A-4AD5-48F4-BF99-2BB630E21945}.Release|x64.Build.0 = Release|Any CPU
		{61376D2A-4AD5-48F4-BF99-2BB630E21945}.Release|x86.ActiveCfg = Release|Any CPU
		{61376D2A-4AD5-48F4-BF99-2BB630E21945}.Release|x86.Build.0 = Release|Any CPU
		{55F3174F-C1FE-4C8F-AF71-2512630088F8}.Debug|Any CPU.ActiveCfg = Debug|Any CPU
		{55F3174F-C1FE-4C8F-AF71-2512630088F8}.Debug|Any CPU.Build.0 = Debug|Any CPU
		{55F3174F-C1FE-4C8F-AF71-2512630088F8}.Debug|arm64.ActiveCfg = Debug|Any CPU
		{55F3174F-C1FE-4C8F-AF71-2512630088F8}.Debug|arm64.Build.0 = Debug|Any CPU
		{55F3174F-C1FE-4C8F-AF71-2512630088F8}.Debug|x64.ActiveCfg = Debug|Any CPU
		{55F3174F-C1FE-4C8F-AF71-2512630088F8}.Debug|x64.Build.0 = Debug|Any CPU
		{55F3174F-C1FE-4C8F-AF71-2512630088F8}.Debug|x86.ActiveCfg = Debug|Any CPU
		{55F3174F-C1FE-4C8F-AF71-2512630088F8}.Debug|x86.Build.0 = Debug|Any CPU
		{55F3174F-C1FE-4C8F-AF71-2512630088F8}.Release|Any CPU.ActiveCfg = Release|Any CPU
		{55F3174F-C1FE-4C8F-AF71-2512630088F8}.Release|Any CPU.Build.0 = Release|Any CPU
		{55F3174F-C1FE-4C8F-AF71-2512630088F8}.Release|arm64.ActiveCfg = Release|Any CPU
		{55F3174F-C1FE-4C8F-AF71-2512630088F8}.Release|arm64.Build.0 = Release|Any CPU
		{55F3174F-C1FE-4C8F-AF71-2512630088F8}.Release|x64.ActiveCfg = Release|Any CPU
		{55F3174F-C1FE-4C8F-AF71-2512630088F8}.Release|x64.Build.0 = Release|Any CPU
		{55F3174F-C1FE-4C8F-AF71-2512630088F8}.Release|x86.ActiveCfg = Release|Any CPU
		{55F3174F-C1FE-4C8F-AF71-2512630088F8}.Release|x86.Build.0 = Release|Any CPU
		{57EC5288-9513-46CF-8FB7-626199690D90}.Debug|Any CPU.ActiveCfg = Debug|Any CPU
		{57EC5288-9513-46CF-8FB7-626199690D90}.Debug|Any CPU.Build.0 = Debug|Any CPU
		{57EC5288-9513-46CF-8FB7-626199690D90}.Debug|arm64.ActiveCfg = Debug|Any CPU
		{57EC5288-9513-46CF-8FB7-626199690D90}.Debug|arm64.Build.0 = Debug|Any CPU
		{57EC5288-9513-46CF-8FB7-626199690D90}.Debug|x64.ActiveCfg = Debug|Any CPU
		{57EC5288-9513-46CF-8FB7-626199690D90}.Debug|x64.Build.0 = Debug|Any CPU
		{57EC5288-9513-46CF-8FB7-626199690D90}.Debug|x86.ActiveCfg = Debug|Any CPU
		{57EC5288-9513-46CF-8FB7-626199690D90}.Debug|x86.Build.0 = Debug|Any CPU
		{57EC5288-9513-46CF-8FB7-626199690D90}.Release|Any CPU.ActiveCfg = Release|Any CPU
		{57EC5288-9513-46CF-8FB7-626199690D90}.Release|Any CPU.Build.0 = Release|Any CPU
		{57EC5288-9513-46CF-8FB7-626199690D90}.Release|arm64.ActiveCfg = Release|Any CPU
		{57EC5288-9513-46CF-8FB7-626199690D90}.Release|arm64.Build.0 = Release|Any CPU
		{57EC5288-9513-46CF-8FB7-626199690D90}.Release|x64.ActiveCfg = Release|Any CPU
		{57EC5288-9513-46CF-8FB7-626199690D90}.Release|x64.Build.0 = Release|Any CPU
		{57EC5288-9513-46CF-8FB7-626199690D90}.Release|x86.ActiveCfg = Release|Any CPU
		{57EC5288-9513-46CF-8FB7-626199690D90}.Release|x86.Build.0 = Release|Any CPU
		{B653C860-9B52-4597-9921-24DA79A4E6B1}.Debug|Any CPU.ActiveCfg = Debug|Any CPU
		{B653C860-9B52-4597-9921-24DA79A4E6B1}.Debug|Any CPU.Build.0 = Debug|Any CPU
		{B653C860-9B52-4597-9921-24DA79A4E6B1}.Debug|arm64.ActiveCfg = Debug|Any CPU
		{B653C860-9B52-4597-9921-24DA79A4E6B1}.Debug|arm64.Build.0 = Debug|Any CPU
		{B653C860-9B52-4597-9921-24DA79A4E6B1}.Debug|x64.ActiveCfg = Debug|Any CPU
		{B653C860-9B52-4597-9921-24DA79A4E6B1}.Debug|x64.Build.0 = Debug|Any CPU
		{B653C860-9B52-4597-9921-24DA79A4E6B1}.Debug|x86.ActiveCfg = Debug|Any CPU
		{B653C860-9B52-4597-9921-24DA79A4E6B1}.Debug|x86.Build.0 = Debug|Any CPU
		{B653C860-9B52-4597-9921-24DA79A4E6B1}.Release|Any CPU.ActiveCfg = Release|Any CPU
		{B653C860-9B52-4597-9921-24DA79A4E6B1}.Release|Any CPU.Build.0 = Release|Any CPU
		{B653C860-9B52-4597-9921-24DA79A4E6B1}.Release|arm64.ActiveCfg = Release|Any CPU
		{B653C860-9B52-4597-9921-24DA79A4E6B1}.Release|arm64.Build.0 = Release|Any CPU
		{B653C860-9B52-4597-9921-24DA79A4E6B1}.Release|x64.ActiveCfg = Release|Any CPU
		{B653C860-9B52-4597-9921-24DA79A4E6B1}.Release|x64.Build.0 = Release|Any CPU
		{B653C860-9B52-4597-9921-24DA79A4E6B1}.Release|x86.ActiveCfg = Release|Any CPU
		{B653C860-9B52-4597-9921-24DA79A4E6B1}.Release|x86.Build.0 = Release|Any CPU
	EndGlobalSection
	GlobalSection(SolutionProperties) = preSolution
		HideSolutionNode = FALSE
	EndGlobalSection
	GlobalSection(NestedProjects) = preSolution
		{657472B8-FDA3-49DF-B8BE-0246046A4348} = {680FB14C-7B0C-4D63-9F1A-18ACCDB0F52A}
		{0D23A41B-2626-4703-9E4A-87C07F69B0B2} = {77FEDB47-F7F6-490D-AF7C-ABB4A9E0B9D7}
		{AB38E262-F206-4820-8F29-23C5F72A4A16} = {583F1292-AE8D-4511-B8D8-A81FE4642DDC}
		{61D06BBD-B0CF-4CE1-9139-1CC4B82F0F9B} = {77FEDB47-F7F6-490D-AF7C-ABB4A9E0B9D7}
		{A2B1148A-1747-47BD-8048-416C2C2AF14C} = {434C00C3-E498-4BA7-9764-9F0FC8CFE457}
		{9BEC2806-D8E0-443B-8B58-9D344E0C2D24} = {434C00C3-E498-4BA7-9764-9F0FC8CFE457}
		{583F1292-AE8D-4511-B8D8-A81FE4642DDC} = {DF68A171-D27B-4E6A-8A7E-63A651622355}
		{680FB14C-7B0C-4D63-9F1A-18ACCDB0F52A} = {DF68A171-D27B-4E6A-8A7E-63A651622355}
		{F1B0790A-1A40-4487-A607-36D21D827E44} = {434C00C3-E498-4BA7-9764-9F0FC8CFE457}
		{351D8601-6E21-45E8-B3B9-847C4540BD4E} = {088DD24C-DF6B-45F3-A8BC-592580A4B2A9}
		{6103E743-057D-41C6-946C-23A751A08748} = {088DD24C-DF6B-45F3-A8BC-592580A4B2A9}
		{088DD24C-DF6B-45F3-A8BC-592580A4B2A9} = {77FEDB47-F7F6-490D-AF7C-ABB4A9E0B9D7}
		{48979B4E-EAEC-4B41-BB49-44CA230BECAB} = {680FB14C-7B0C-4D63-9F1A-18ACCDB0F52A}
		{462AD69A-9395-4E98-882D-569CDE562559} = {8B4B1E09-B3C7-4044-B223-94EDEC1CAA20}
		{90B27178-F535-43F7-886E-0AB75203F246} = {77FEDB47-F7F6-490D-AF7C-ABB4A9E0B9D7}
		{9BFDE7F2-C8F3-40D6-9A16-8DCD1A37E900} = {583F1292-AE8D-4511-B8D8-A81FE4642DDC}
		{E0681991-228A-420E-85D5-A9E796F0AAE0} = {434C00C3-E498-4BA7-9764-9F0FC8CFE457}
		{73B0857A-966B-4E7D-8A83-FECFE0281AB9} = {DF68A171-D27B-4E6A-8A7E-63A651622355}
		{86418F0B-39DC-4B5A-8145-6D607E6150AC} = {DF68A171-D27B-4E6A-8A7E-63A651622355}
		{6EE57002-9965-46E7-A48B-B449969738BB} = {583F1292-AE8D-4511-B8D8-A81FE4642DDC}
		{05FD23CE-60AE-44A8-8DD6-1688F04BE385} = {DF68A171-D27B-4E6A-8A7E-63A651622355}
		{3BB220A9-7BC9-4D45-9DC7-B5A1D659B478} = {77FEDB47-F7F6-490D-AF7C-ABB4A9E0B9D7}
		{90CC3A84-1087-48A0-8FDC-3A0F6D4D3B4D} = {77FEDB47-F7F6-490D-AF7C-ABB4A9E0B9D7}
		{7650F24E-7132-42CF-ADCE-830C8DB26EE5} = {583F1292-AE8D-4511-B8D8-A81FE4642DDC}
		{61376D2A-4AD5-48F4-BF99-2BB630E21945} = {77FEDB47-F7F6-490D-AF7C-ABB4A9E0B9D7}
		{55F3174F-C1FE-4C8F-AF71-2512630088F8} = {583F1292-AE8D-4511-B8D8-A81FE4642DDC}
		{57EC5288-9513-46CF-8FB7-626199690D90} = {583F1292-AE8D-4511-B8D8-A81FE4642DDC}
		{B653C860-9B52-4597-9921-24DA79A4E6B1} = {583F1292-AE8D-4511-B8D8-A81FE4642DDC}
	EndGlobalSection
	GlobalSection(ExtensibilityGlobals) = postSolution
		SolutionGuid = {7B1B0433-F612-4E5A-BE7E-FCF5B9F6E136}
	EndGlobalSection
EndGlobal
